{
  "requires": true,
  "lockfileVersion": 1,
  "dependencies": {
    "simplelightbox": {
      "version": "2.2.1",
      "resolved": "https://registry.npmjs.org/simplelightbox/-/simplelightbox-2.2.1.tgz",
      "integrity": "sha512-zhlEXnOAFChBXbAtCoVGDaypti9yQiYwV/tavQS8grp21FcOHFDlqhTO1yqoP7d+HoADARAdVG7LuhZfubfWYA=="
    }
  }
}
